// !$*UTF8*$!
{
	archiveVersion = 1;
	classes = {
	};
	objectVersion = 56;
	objects = {

/* Begin PBXBuildFile section */
		792FD5FE2A726BF70029F31B /* Hyperswitch_iOS_Demo_AppApp.swift in Sources */ = {isa = PBXBuildFile; fileRef = 792FD5FD2A726BF70029F31B /* Hyperswitch_iOS_Demo_AppApp.swift */; };
		792FD6002A726BF70029F31B /* ContentView.swift in Sources */ = {isa = PBXBuildFile; fileRef = 792FD5FF2A726BF70029F31B /* ContentView.swift */; };
		792FD6022A726BF80029F31B /* Assets.xcassets in Resources */ = {isa = PBXBuildFile; fileRef = 792FD6012A726BF80029F31B /* Assets.xcassets */; };
		792FD6052A726BF80029F31B /* Preview Assets.xcassets in Resources */ = {isa = PBXBuildFile; fileRef = 792FD6042A726BF80029F31B /* Preview Assets.xcassets */; };
		79A231592A726F37007328A9 /* HyperBackendModel.swift in Sources */ = {isa = PBXBuildFile; fileRef = 79A231582A726F37007328A9 /* HyperBackendModel.swift */; };
		79A2315B2A72709A007328A9 /* AppDelegate.swift in Sources */ = {isa = PBXBuildFile; fileRef = 79A2315A2A72709A007328A9 /* AppDelegate.swift */; };
		79A2315D2A7270F7007328A9 /* PaymentViewController.swift in Sources */ = {isa = PBXBuildFile; fileRef = 79A2315C2A7270F7007328A9 /* PaymentViewController.swift */; };
		9A055B89F6612B62CB679DD5 /* Pods_Hyperswitch_iOS_Demo_App.framework in Frameworks */ = {isa = PBXBuildFile; fileRef = B36992608945790ED00381BD /* Pods_Hyperswitch_iOS_Demo_App.framework */; };
/* End PBXBuildFile section */

/* Begin PBXFileReference section */
		792FD5FA2A726BF70029F31B /* Hyperswitch-iOS-Demo-App.app */ = {isa = PBXFileReference; explicitFileType = wrapper.application; includeInIndex = 0; path = "Hyperswitch-iOS-Demo-App.app"; sourceTree = BUILT_PRODUCTS_DIR; };
		792FD5FD2A726BF70029F31B /* Hyperswitch_iOS_Demo_AppApp.swift */ = {isa = PBXFileReference; lastKnownFileType = sourcecode.swift; path = Hyperswitch_iOS_Demo_AppApp.swift; sourceTree = "<group>"; };
		792FD5FF2A726BF70029F31B /* ContentView.swift */ = {isa = PBXFileReference; lastKnownFileType = sourcecode.swift; path = ContentView.swift; sourceTree = "<group>"; };
		792FD6012A726BF80029F31B /* Assets.xcassets */ = {isa = PBXFileReference; lastKnownFileType = folder.assetcatalog; path = Assets.xcassets; sourceTree = "<group>"; };
		792FD6042A726BF80029F31B /* Preview Assets.xcassets */ = {isa = PBXFileReference; lastKnownFileType = folder.assetcatalog; path = "Preview Assets.xcassets"; sourceTree = "<group>"; };
		79A231582A726F37007328A9 /* HyperBackendModel.swift */ = {isa = PBXFileReference; lastKnownFileType = sourcecode.swift; path = HyperBackendModel.swift; sourceTree = "<group>"; };
		79A2315A2A72709A007328A9 /* AppDelegate.swift */ = {isa = PBXFileReference; lastKnownFileType = sourcecode.swift; path = AppDelegate.swift; sourceTree = "<group>"; };
		79A2315C2A7270F7007328A9 /* PaymentViewController.swift */ = {isa = PBXFileReference; lastKnownFileType = sourcecode.swift; path = PaymentViewController.swift; sourceTree = "<group>"; };
		79A2315E2A727301007328A9 /* Hyperswitch-iOS-Demo-App.entitlements */ = {isa = PBXFileReference; lastKnownFileType = text.plist.entitlements; path = "Hyperswitch-iOS-Demo-App.entitlements"; sourceTree = "<group>"; };
		9EBC6732E9D5CBD0550856EA /* Pods-Hyperswitch-iOS-Demo-App.release.xcconfig */ = {isa = PBXFileReference; includeInIndex = 1; lastKnownFileType = text.xcconfig; name = "Pods-Hyperswitch-iOS-Demo-App.release.xcconfig"; path = "Target Support Files/Pods-Hyperswitch-iOS-Demo-App/Pods-Hyperswitch-iOS-Demo-App.release.xcconfig"; sourceTree = "<group>"; };
		B36992608945790ED00381BD /* Pods_Hyperswitch_iOS_Demo_App.framework */ = {isa = PBXFileReference; explicitFileType = wrapper.framework; includeInIndex = 0; path = Pods_Hyperswitch_iOS_Demo_App.framework; sourceTree = BUILT_PRODUCTS_DIR; };
		EA849E08AB16555BD21ACB33 /* Pods-Hyperswitch-iOS-Demo-App.debug.xcconfig */ = {isa = PBXFileReference; includeInIndex = 1; lastKnownFileType = text.xcconfig; name = "Pods-Hyperswitch-iOS-Demo-App.debug.xcconfig"; path = "Target Support Files/Pods-Hyperswitch-iOS-Demo-App/Pods-Hyperswitch-iOS-Demo-App.debug.xcconfig"; sourceTree = "<group>"; };
/* End PBXFileReference section */

/* Begin PBXFrameworksBuildPhase section */
		792FD5F72A726BF70029F31B /* Frameworks */ = {
			isa = PBXFrameworksBuildPhase;
			buildActionMask = 2147483647;
			files = (
				9A055B89F6612B62CB679DD5 /* Pods_Hyperswitch_iOS_Demo_App.framework in Frameworks */,
			);
			runOnlyForDeploymentPostprocessing = 0;
		};
/* End PBXFrameworksBuildPhase section */

/* Begin PBXGroup section */
		2EE9300139DFCF6E9F5991C2 /* Pods */ = {
			isa = PBXGroup;
			children = (
				EA849E08AB16555BD21ACB33 /* Pods-Hyperswitch-iOS-Demo-App.debug.xcconfig */,
				9EBC6732E9D5CBD0550856EA /* Pods-Hyperswitch-iOS-Demo-App.release.xcconfig */,
			);
			path = Pods;
			sourceTree = "<group>";
		};
		792FD5F12A726BF70029F31B = {
			isa = PBXGroup;
			children = (
				792FD5FC2A726BF70029F31B /* Hyperswitch-iOS-Demo-App */,
				792FD5FB2A726BF70029F31B /* Products */,
				2EE9300139DFCF6E9F5991C2 /* Pods */,
				C778568EAC82915F9E81D47E /* Frameworks */,
			);
			sourceTree = "<group>";
		};
		792FD5FB2A726BF70029F31B /* Products */ = {
			isa = PBXGroup;
			children = (
				792FD5FA2A726BF70029F31B /* Hyperswitch-iOS-Demo-App.app */,
			);
			name = Products;
			sourceTree = "<group>";
		};
		792FD5FC2A726BF70029F31B /* Hyperswitch-iOS-Demo-App */ = {
			isa = PBXGroup;
			children = (
				79A2315E2A727301007328A9 /* Hyperswitch-iOS-Demo-App.entitlements */,
				79A2315A2A72709A007328A9 /* AppDelegate.swift */,
				792FD5FD2A726BF70029F31B /* Hyperswitch_iOS_Demo_AppApp.swift */,
				792FD5FF2A726BF70029F31B /* ContentView.swift */,
				79A2315C2A7270F7007328A9 /* PaymentViewController.swift */,
				79A231582A726F37007328A9 /* HyperBackendModel.swift */,
				792FD6012A726BF80029F31B /* Assets.xcassets */,
				792FD6032A726BF80029F31B /* Preview Content */,
			);
			path = "Hyperswitch-iOS-Demo-App";
			sourceTree = "<group>";
		};
		792FD6032A726BF80029F31B /* Preview Content */ = {
			isa = PBXGroup;
			children = (
				792FD6042A726BF80029F31B /* Preview Assets.xcassets */,
			);
			path = "Preview Content";
			sourceTree = "<group>";
		};
		C778568EAC82915F9E81D47E /* Frameworks */ = {
			isa = PBXGroup;
			children = (
				B36992608945790ED00381BD /* Pods_Hyperswitch_iOS_Demo_App.framework */,
			);
			name = Frameworks;
			sourceTree = "<group>";
		};
/* End PBXGroup section */

/* Begin PBXNativeTarget section */
		792FD5F92A726BF70029F31B /* Hyperswitch-iOS-Demo-App */ = {
			isa = PBXNativeTarget;
			buildConfigurationList = 792FD6082A726BF80029F31B /* Build configuration list for PBXNativeTarget "Hyperswitch-iOS-Demo-App" */;
			buildPhases = (
				66B259C9B36DE2B18AAB5F9D /* [CP] Check Pods Manifest.lock */,
				792FD5F62A726BF70029F31B /* Sources */,
				792FD5F72A726BF70029F31B /* Frameworks */,
				792FD5F82A726BF70029F31B /* Resources */,
				4156CF363F43B16FFF3C2A25 /* [CP] Embed Pods Frameworks */,
			);
			buildRules = (
			);
			dependencies = (
			);
			name = "Hyperswitch-iOS-Demo-App";
			productName = "Hyperswitch-iOS-Demo-App";
			productReference = 792FD5FA2A726BF70029F31B /* Hyperswitch-iOS-Demo-App.app */;
			productType = "com.apple.product-type.application";
		};
/* End PBXNativeTarget section */

/* Begin PBXProject section */
		792FD5F22A726BF70029F31B /* Project object */ = {
			isa = PBXProject;
			attributes = {
				BuildIndependentTargetsInParallel = 1;
				LastSwiftUpdateCheck = 1430;
				LastUpgradeCheck = 1430;
				TargetAttributes = {
					792FD5F92A726BF70029F31B = {
						CreatedOnToolsVersion = 14.3.1;
					};
				};
			};
			buildConfigurationList = 792FD5F52A726BF70029F31B /* Build configuration list for PBXProject "Hyperswitch-iOS-Demo-App" */;
			compatibilityVersion = "Xcode 14.0";
			developmentRegion = en;
			hasScannedForEncodings = 0;
			knownRegions = (
				en,
				Base,
			);
			mainGroup = 792FD5F12A726BF70029F31B;
			productRefGroup = 792FD5FB2A726BF70029F31B /* Products */;
			projectDirPath = "";
			projectRoot = "";
			targets = (
				792FD5F92A726BF70029F31B /* Hyperswitch-iOS-Demo-App */,
			);
		};
/* End PBXProject section */

/* Begin PBXResourcesBuildPhase section */
		792FD5F82A726BF70029F31B /* Resources */ = {
			isa = PBXResourcesBuildPhase;
			buildActionMask = 2147483647;
			files = (
				792FD6052A726BF80029F31B /* Preview Assets.xcassets in Resources */,
				792FD6022A726BF80029F31B /* Assets.xcassets in Resources */,
			);
			runOnlyForDeploymentPostprocessing = 0;
		};
/* End PBXResourcesBuildPhase section */

/* Begin PBXShellScriptBuildPhase section */
		4156CF363F43B16FFF3C2A25 /* [CP] Embed Pods Frameworks */ = {
			isa = PBXShellScriptBuildPhase;
			buildActionMask = 2147483647;
			files = (
			);
			inputFileListPaths = (
				"${PODS_ROOT}/Target Support Files/Pods-Hyperswitch-iOS-Demo-App/Pods-Hyperswitch-iOS-Demo-App-frameworks-${CONFIGURATION}-input-files.xcfilelist",
			);
			name = "[CP] Embed Pods Frameworks";
			outputFileListPaths = (
				"${PODS_ROOT}/Target Support Files/Pods-Hyperswitch-iOS-Demo-App/Pods-Hyperswitch-iOS-Demo-App-frameworks-${CONFIGURATION}-output-files.xcfilelist",
			);
			runOnlyForDeploymentPostprocessing = 0;
			shellPath = /bin/sh;
			shellScript = "\"${PODS_ROOT}/Target Support Files/Pods-Hyperswitch-iOS-Demo-App/Pods-Hyperswitch-iOS-Demo-App-frameworks.sh\"\n";
			showEnvVarsInLog = 0;
		};
		66B259C9B36DE2B18AAB5F9D /* [CP] Check Pods Manifest.lock */ = {
			isa = PBXShellScriptBuildPhase;
			buildActionMask = 2147483647;
			files = (
			);
			inputFileListPaths = (
			);
			inputPaths = (
				"${PODS_PODFILE_DIR_PATH}/Podfile.lock",
				"${PODS_ROOT}/Manifest.lock",
			);
			name = "[CP] Check Pods Manifest.lock";
			outputFileListPaths = (
			);
			outputPaths = (
				"$(DERIVED_FILE_DIR)/Pods-Hyperswitch-iOS-Demo-App-checkManifestLockResult.txt",
			);
			runOnlyForDeploymentPostprocessing = 0;
			shellPath = /bin/sh;
			shellScript = "diff \"${PODS_PODFILE_DIR_PATH}/Podfile.lock\" \"${PODS_ROOT}/Manifest.lock\" > /dev/null\nif [ $? != 0 ] ; then\n    # print error to STDERR\n    echo \"error: The sandbox is not in sync with the Podfile.lock. Run 'pod install' or update your CocoaPods installation.\" >&2\n    exit 1\nfi\n# This output is used by Xcode 'outputs' to avoid re-running this script phase.\necho \"SUCCESS\" > \"${SCRIPT_OUTPUT_FILE_0}\"\n";
			showEnvVarsInLog = 0;
		};
/* End PBXShellScriptBuildPhase section */

/* Begin PBXSourcesBuildPhase section */
		792FD5F62A726BF70029F31B /* Sources */ = {
			isa = PBXSourcesBuildPhase;
			buildActionMask = 2147483647;
			files = (
				79A2315B2A72709A007328A9 /* AppDelegate.swift in Sources */,
				792FD6002A726BF70029F31B /* ContentView.swift in Sources */,
				79A2315D2A7270F7007328A9 /* PaymentViewController.swift in Sources */,
				792FD5FE2A726BF70029F31B /* Hyperswitch_iOS_Demo_AppApp.swift in Sources */,
				79A231592A726F37007328A9 /* HyperBackendModel.swift in Sources */,
			);
			runOnlyForDeploymentPostprocessing = 0;
		};
/* End PBXSourcesBuildPhase section */

/* Begin XCBuildConfiguration section */
		792FD6062A726BF80029F31B /* Debug */ = {
			isa = XCBuildConfiguration;
			buildSettings = {
				ALWAYS_SEARCH_USER_PATHS = NO;
				CLANG_ANALYZER_NONNULL = YES;
				CLANG_ANALYZER_NUMBER_OBJECT_CONVERSION = YES_AGGRESSIVE;
				CLANG_CXX_LANGUAGE_STANDARD = "gnu++20";
				CLANG_ENABLE_MODULES = YES;
				CLANG_ENABLE_OBJC_ARC = YES;
				CLANG_ENABLE_OBJC_WEAK = YES;
				CLANG_WARN_BLOCK_CAPTURE_AUTORELEASING = YES;
				CLANG_WARN_BOOL_CONVERSION = YES;
				CLANG_WARN_COMMA = YES;
				CLANG_WARN_CONSTANT_CONVERSION = YES;
				CLANG_WARN_DEPRECATED_OBJC_IMPLEMENTATIONS = YES;
				CLANG_WARN_DIRECT_OBJC_ISA_USAGE = YES_ERROR;
				CLANG_WARN_DOCUMENTATION_COMMENTS = YES;
				CLANG_WARN_EMPTY_BODY = YES;
				CLANG_WARN_ENUM_CONVERSION = YES;
				CLANG_WARN_INFINITE_RECURSION = YES;
				CLANG_WARN_INT_CONVERSION = YES;
				CLANG_WARN_NON_LITERAL_NULL_CONVERSION = YES;
				CLANG_WARN_OBJC_IMPLICIT_RETAIN_SELF = YES;
				CLANG_WARN_OBJC_LITERAL_CONVERSION = YES;
				CLANG_WARN_OBJC_ROOT_CLASS = YES_ERROR;
				CLANG_WARN_QUOTED_INCLUDE_IN_FRAMEWORK_HEADER = YES;
				CLANG_WARN_RANGE_LOOP_ANALYSIS = YES;
				CLANG_WARN_STRICT_PROTOTYPES = YES;
				CLANG_WARN_SUSPICIOUS_MOVE = YES;
				CLANG_WARN_UNGUARDED_AVAILABILITY = YES_AGGRESSIVE;
				CLANG_WARN_UNREACHABLE_CODE = YES;
				CLANG_WARN__DUPLICATE_METHOD_MATCH = YES;
				COPY_PHASE_STRIP = NO;
				DEBUG_INFORMATION_FORMAT = dwarf;
				ENABLE_STRICT_OBJC_MSGSEND = YES;
				ENABLE_TESTABILITY = YES;
				GCC_C_LANGUAGE_STANDARD = gnu11;
				GCC_DYNAMIC_NO_PIC = NO;
				GCC_NO_COMMON_BLOCKS = YES;
				GCC_OPTIMIZATION_LEVEL = 0;
				GCC_PREPROCESSOR_DEFINITIONS = (
					"DEBUG=1",
					"$(inherited)",
				);
				GCC_WARN_64_TO_32_BIT_CONVERSION = YES;
				GCC_WARN_ABOUT_RETURN_TYPE = YES_ERROR;
				GCC_WARN_UNDECLARED_SELECTOR = YES;
				GCC_WARN_UNINITIALIZED_AUTOS = YES_AGGRESSIVE;
				GCC_WARN_UNUSED_FUNCTION = YES;
				GCC_WARN_UNUSED_VARIABLE = YES;
				IPHONEOS_DEPLOYMENT_TARGET = 16.4;
				MTL_ENABLE_DEBUG_INFO = INCLUDE_SOURCE;
				MTL_FAST_MATH = YES;
				ONLY_ACTIVE_ARCH = YES;
				SDKROOT = iphoneos;
				SWIFT_ACTIVE_COMPILATION_CONDITIONS = DEBUG;
				SWIFT_OPTIMIZATION_LEVEL = "-Onone";
			};
			name = Debug;
		};
		792FD6072A726BF80029F31B /* Release */ = {
			isa = XCBuildConfiguration;
			buildSettings = {
				ALWAYS_SEARCH_USER_PATHS = NO;
				CLANG_ANALYZER_NONNULL = YES;
				CLANG_ANALYZER_NUMBER_OBJECT_CONVERSION = YES_AGGRESSIVE;
				CLANG_CXX_LANGUAGE_STANDARD = "gnu++20";
				CLANG_ENABLE_MODULES = YES;
				CLANG_ENABLE_OBJC_ARC = YES;
				CLANG_ENABLE_OBJC_WEAK = YES;
				CLANG_WARN_BLOCK_CAPTURE_AUTORELEASING = YES;
				CLANG_WARN_BOOL_CONVERSION = YES;
				CLANG_WARN_COMMA = YES;
				CLANG_WARN_CONSTANT_CONVERSION = YES;
				CLANG_WARN_DEPRECATED_OBJC_IMPLEMENTATIONS = YES;
				CLANG_WARN_DIRECT_OBJC_ISA_USAGE = YES_ERROR;
				CLANG_WARN_DOCUMENTATION_COMMENTS = YES;
				CLANG_WARN_EMPTY_BODY = YES;
				CLANG_WARN_ENUM_CONVERSION = YES;
				CLANG_WARN_INFINITE_RECURSION = YES;
				CLANG_WARN_INT_CONVERSION = YES;
				CLANG_WARN_NON_LITERAL_NULL_CONVERSION = YES;
				CLANG_WARN_OBJC_IMPLICIT_RETAIN_SELF = YES;
				CLANG_WARN_OBJC_LITERAL_CONVERSION = YES;
				CLANG_WARN_OBJC_ROOT_CLASS = YES_ERROR;
				CLANG_WARN_QUOTED_INCLUDE_IN_FRAMEWORK_HEADER = YES;
				CLANG_WARN_RANGE_LOOP_ANALYSIS = YES;
				CLANG_WARN_STRICT_PROTOTYPES = YES;
				CLANG_WARN_SUSPICIOUS_MOVE = YES;
				CLANG_WARN_UNGUARDED_AVAILABILITY = YES_AGGRESSIVE;
				CLANG_WARN_UNREACHABLE_CODE = YES;
				CLANG_WARN__DUPLICATE_METHOD_MATCH = YES;
				COPY_PHASE_STRIP = NO;
				DEBUG_INFORMATION_FORMAT = "dwarf-with-dsym";
				ENABLE_NS_ASSERTIONS = NO;
				ENABLE_STRICT_OBJC_MSGSEND = YES;
				GCC_C_LANGUAGE_STANDARD = gnu11;
				GCC_NO_COMMON_BLOCKS = YES;
				GCC_WARN_64_TO_32_BIT_CONVERSION = YES;
				GCC_WARN_ABOUT_RETURN_TYPE = YES_ERROR;
				GCC_WARN_UNDECLARED_SELECTOR = YES;
				GCC_WARN_UNINITIALIZED_AUTOS = YES_AGGRESSIVE;
				GCC_WARN_UNUSED_FUNCTION = YES;
				GCC_WARN_UNUSED_VARIABLE = YES;
				IPHONEOS_DEPLOYMENT_TARGET = 16.4;
				MTL_ENABLE_DEBUG_INFO = NO;
				MTL_FAST_MATH = YES;
				SDKROOT = iphoneos;
				SWIFT_COMPILATION_MODE = wholemodule;
				SWIFT_OPTIMIZATION_LEVEL = "-O";
				VALIDATE_PRODUCT = YES;
			};
			name = Release;
		};
		792FD6092A726BF80029F31B /* Debug */ = {
			isa = XCBuildConfiguration;
			baseConfigurationReference = EA849E08AB16555BD21ACB33 /* Pods-Hyperswitch-iOS-Demo-App.debug.xcconfig */;
			buildSettings = {
				ASSETCATALOG_COMPILER_APPICON_NAME = AppIcon;
				ASSETCATALOG_COMPILER_GLOBAL_ACCENT_COLOR_NAME = AccentColor;
				CODE_SIGN_ENTITLEMENTS = "Hyperswitch-iOS-Demo-App/Hyperswitch-iOS-Demo-App.entitlements";
				CODE_SIGN_STYLE = Automatic;
				CURRENT_PROJECT_VERSION = 1;
				DEVELOPMENT_ASSET_PATHS = "\"Hyperswitch-iOS-Demo-App/Preview Content\"";
				DEVELOPMENT_TEAM = YM9U73Z2JM;
				ENABLE_PREVIEWS = YES;
				GENERATE_INFOPLIST_FILE = YES;
				INFOPLIST_KEY_UIApplicationSceneManifest_Generation = YES;
				INFOPLIST_KEY_UIApplicationSupportsIndirectInputEvents = YES;
				INFOPLIST_KEY_UILaunchScreen_Generation = YES;
				INFOPLIST_KEY_UISupportedInterfaceOrientations_iPad = "UIInterfaceOrientationPortrait UIInterfaceOrientationPortraitUpsideDown UIInterfaceOrientationLandscapeLeft UIInterfaceOrientationLandscapeRight";
				INFOPLIST_KEY_UISupportedInterfaceOrientations_iPhone = "UIInterfaceOrientationPortrait UIInterfaceOrientationLandscapeLeft UIInterfaceOrientationLandscapeRight";
				IPHONEOS_DEPLOYMENT_TARGET = 14.0;
				LD_RUNPATH_SEARCH_PATHS = (
					"$(inherited)",
					"@executable_path/Frameworks",
				);
				MARKETING_VERSION = 1.0;
				PRODUCT_BUNDLE_IDENTIFIER = "io.hyperswitch.Hyperswitch-iOS-Demo-App";
				PRODUCT_NAME = "$(TARGET_NAME)";
				SWIFT_EMIT_LOC_STRINGS = YES;
				SWIFT_VERSION = 5.0;
				TARGETED_DEVICE_FAMILY = "1,2";
			};
			name = Debug;
		};
		792FD60A2A726BF80029F31B /* Release */ = {
			isa = XCBuildConfiguration;
			baseConfigurationReference = 9EBC6732E9D5CBD0550856EA /* Pods-Hyperswitch-iOS-Demo-App.release.xcconfig */;
			buildSettings = {
				ASSETCATALOG_COMPILER_APPICON_NAME = AppIcon;
				ASSETCATALOG_COMPILER_GLOBAL_ACCENT_COLOR_NAME = AccentColor;
				CODE_SIGN_ENTITLEMENTS = "Hyperswitch-iOS-Demo-App/Hyperswitch-iOS-Demo-App.entitlements";
				CODE_SIGN_STYLE = Automatic;
				CURRENT_PROJECT_VERSION = 1;
				DEVELOPMENT_ASSET_PATHS = "\"Hyperswitch-iOS-Demo-App/Preview Content\"";
				DEVELOPMENT_TEAM = YM9U73Z2JM;
				ENABLE_PREVIEWS = YES;
				GENERATE_INFOPLIST_FILE = YES;
				INFOPLIST_KEY_UIApplicationSceneManifest_Generation = YES;
				INFOPLIST_KEY_UIApplicationSupportsIndirectInputEvents = YES;
				INFOPLIST_KEY_UILaunchScreen_Generation = YES;
				INFOPLIST_KEY_UISupportedInterfaceOrientations_iPad = "UIInterfaceOrientationPortrait UIInterfaceOrientationPortraitUpsideDown UIInterfaceOrientationLandscapeLeft UIInterfaceOrientationLandscapeRight";
				INFOPLIST_KEY_UISupportedInterfaceOrientations_iPhone = "UIInterfaceOrientationPortrait UIInterfaceOrientationLandscapeLeft UIInterfaceOrientationLandscapeRight";
				IPHONEOS_DEPLOYMENT_TARGET = 14.0;
				LD_RUNPATH_SEARCH_PATHS = (
					"$(inherited)",
					"@executable_path/Frameworks",
				);
				MARKETING_VERSION = 1.0;
				PRODUCT_BUNDLE_IDENTIFIER = "io.hyperswitch.Hyperswitch-iOS-Demo-App";
				PRODUCT_NAME = "$(TARGET_NAME)";
				SWIFT_EMIT_LOC_STRINGS = YES;
				SWIFT_VERSION = 5.0;
				TARGETED_DEVICE_FAMILY = "1,2";
			};
			name = Release;
		};
/* End XCBuildConfiguration section */

/* Begin XCConfigurationList section */
		792FD5F52A726BF70029F31B /* Build configuration list for PBXProject "Hyperswitch-iOS-Demo-App" */ = {
			isa = XCConfigurationList;
			buildConfigurations = (
				792FD6062A726BF80029F31B /* Debug */,
				792FD6072A726BF80029F31B /* Release */,
			);
			defaultConfigurationIsVisible = 0;
			defaultConfigurationName = Release;
		};
		792FD6082A726BF80029F31B /* Build configuration list for PBXNativeTarget "Hyperswitch-iOS-Demo-App" */ = {
			isa = XCConfigurationList;
			buildConfigurations = (
				792FD6092A726BF80029F31B /* Debug */,
				792FD60A2A726BF80029F31B /* Release */,
			);
			defaultConfigurationIsVisible = 0;
			defaultConfigurationName = Release;
		};
/* End XCConfigurationList section */
	};
	rootObject = 792FD5F22A726BF70029F31B /* Project object */;
}
